
Microsoft Visual Studio Solution File, Format Version 12.00
# Visual Studio Version 16
VisualStudioVersion = 16.0.31025.194
MinimumVisualStudioVersion = 10.0.40219.1
Project("{9A19103F-16F7-4668-BE54-9A1E7A4F7556}") = "BaristaApi", "BaristaApi.csproj", "{956C252A-1E88-4198-8015-3403BDED2A46}"
EndProject
Project("{9A19103F-16F7-4668-BE54-9A1E7A4F7556}") = "BaristaApi.Test", "..\BaristaApi.Test\BaristaApi.Test.csproj", "{BDD27947-CDAD-4C86-8380-8154001E9B03}"
EndProject
Global
	GlobalSection(SolutionConfigurationPlatforms) = preSolution
		Debug|Any CPU = Debug|Any CPU
		Release|Any CPU = Release|Any CPU
	EndGlobalSection
	GlobalSection(ProjectConfigurationPlatforms) = postSolution
		{956C252A-1E88-4198-8015-3403BDED2A46}.Debug|Any CPU.ActiveCfg = Debug|Any CPU
		{956C252A-1E88-4198-8015-3403BDED2A46}.Debug|Any CPU.Build.0 = Debug|Any CPU
		{956C252A-1E88-4198-8015-3403BDED2A46}.Release|Any CPU.ActiveCfg = Release|Any CPU
		{956C252A-1E88-4198-8015-3403BDED2A46}.Release|Any CPU.Build.0 = Release|Any CPU
		{BDD27947-CDAD-4C86-8380-8154001E9B03}.Debug|Any CPU.ActiveCfg = Debug|Any CPU
		{BDD27947-CDAD-4C86-8380-8154001E9B03}.Debug|Any CPU.Build.0 = Debug|Any CPU
		{BDD27947-CDAD-4C86-8380-8154001E9B03}.Release|Any CPU.ActiveCfg = Release|Any CPU
		{BDD27947-CDAD-4C86-8380-8154001E9B03}.Release|Any CPU.Build.0 = Release|Any CPU
	EndGlobalSection
	GlobalSection(SolutionProperties) = preSolution
		HideSolutionNode = FALSE
	EndGlobalSection
	GlobalSection(ExtensibilityGlobals) = postSolution
		SolutionGuid = {3A8C3851-DEC2-4707-B3BE-B5BC330C5AF6}
	EndGlobalSection
EndGlobal
